// !$*UTF8*$!
{
	archiveVersion = 1;
	classes = {
	};
	objectVersion = 56;
	objects = {

/* Begin PBXBuildFile section */
		FCB7B32E2B92A22200966339 /* MobApp.swift in Sources */ = {isa = PBXBuildFile; fileRef = FCB7B32D2B92A22200966339 /* MobApp.swift */; };
		FCB7B3302B92A22200966339 /* ContentView.swift in Sources */ = {isa = PBXBuildFile; fileRef = FCB7B32F2B92A22200966339 /* ContentView.swift */; };
		FCB7B3322B92A22300966339 /* Assets.xcassets in Resources */ = {isa = PBXBuildFile; fileRef = FCB7B3312B92A22300966339 /* Assets.xcassets */; };
		FCB7B3352B92A22300966339 /* Preview Assets.xcassets in Resources */ = {isa = PBXBuildFile; fileRef = FCB7B3342B92A22300966339 /* Preview Assets.xcassets */; };
		FCB7B33F2B92A22300966339 /* MobTests.swift in Sources */ = {isa = PBXBuildFile; fileRef = FCB7B33E2B92A22300966339 /* MobTests.swift */; };
		FCB7B3492B92A22300966339 /* MobUITests.swift in Sources */ = {isa = PBXBuildFile; fileRef = FCB7B3482B92A22300966339 /* MobUITests.swift */; };
		FCB7B34B2B92A22300966339 /* MobUITestsLaunchTests.swift in Sources */ = {isa = PBXBuildFile; fileRef = FCB7B34A2B92A22300966339 /* MobUITestsLaunchTests.swift */; };
/* End PBXBuildFile section */

/* Begin PBXContainerItemProxy section */
		FCB7B33B2B92A22300966339 /* PBXContainerItemProxy */ = {
			isa = PBXContainerItemProxy;
			containerPortal = FCB7B3222B92A22200966339 /* Project object */;
			proxyType = 1;
			remoteGlobalIDString = FCB7B3292B92A22200966339;
			remoteInfo = Mob;
		};
		FCB7B3452B92A22300966339 /* PBXContainerItemProxy */ = {
			isa = PBXContainerItemProxy;
			containerPortal = FCB7B3222B92A22200966339 /* Project object */;
			proxyType = 1;
			remoteGlobalIDString = FCB7B3292B92A22200966339;
			remoteInfo = Mob;
		};
/* End PBXContainerItemProxy section */

/* Begin PBXFileReference section */
		FCB7B32A2B92A22200966339 /* Mob.app */ = {isa = PBXFileReference; explicitFileType = wrapper.application; includeInIndex = 0; path = Mob.app; sourceTree = BUILT_PRODUCTS_DIR; };
		FCB7B32D2B92A22200966339 /* MobApp.swift */ = {isa = PBXFileReference; lastKnownFileType = sourcecode.swift; path = MobApp.swift; sourceTree = "<group>"; };
		FCB7B32F2B92A22200966339 /* ContentView.swift */ = {isa = PBXFileReference; lastKnownFileType = sourcecode.swift; path = ContentView.swift; sourceTree = "<group>"; };
		FCB7B3312B92A22300966339 /* Assets.xcassets */ = {isa = PBXFileReference; lastKnownFileType = folder.assetcatalog; path = Assets.xcassets; sourceTree = "<group>"; };
		FCB7B3342B92A22300966339 /* Preview Assets.xcassets */ = {isa = PBXFileReference; lastKnownFileType = folder.assetcatalog; path = "Preview Assets.xcassets"; sourceTree = "<group>"; };
		FCB7B33A2B92A22300966339 /* MobTests.xctest */ = {isa = PBXFileReference; explicitFileType = wrapper.cfbundle; includeInIndex = 0; path = MobTests.xctest; sourceTree = BUILT_PRODUCTS_DIR; };
		FCB7B33E2B92A22300966339 /* MobTests.swift */ = {isa = PBXFileReference; lastKnownFileType = sourcecode.swift; path = MobTests.swift; sourceTree = "<group>"; };
		FCB7B3442B92A22300966339 /* MobUITests.xctest */ = {isa = PBXFileReference; explicitFileType = wrapper.cfbundle; includeInIndex = 0; path = MobUITests.xctest; sourceTree = BUILT_PRODUCTS_DIR; };
		FCB7B3482B92A22300966339 /* MobUITests.swift */ = {isa = PBXFileReference; lastKnownFileType = sourcecode.swift; path = MobUITests.swift; sourceTree = "<group>"; };
		FCB7B34A2B92A22300966339 /* MobUITestsLaunchTests.swift */ = {isa = PBXFileReference; lastKnownFileType = sourcecode.swift; path = MobUITestsLaunchTests.swift; sourceTree = "<group>"; };
/* End PBXFileReference section */

/* Begin PBXFrameworksBuildPhase section */
		FCB7B3272B92A22200966339 /* Frameworks */ = {
			isa = PBXFrameworksBuildPhase;
			buildActionMask = 2147483647;
			files = (
			);
			runOnlyForDeploymentPostprocessing = 0;
		};
		FCB7B3372B92A22300966339 /* Frameworks */ = {
			isa = PBXFrameworksBuildPhase;
			buildActionMask = 2147483647;
			files = (
			);
			runOnlyForDeploymentPostprocessing = 0;
		};
		FCB7B3412B92A22300966339 /* Frameworks */ = {
			isa = PBXFrameworksBuildPhase;
			buildActionMask = 2147483647;
			files = (
			);
			runOnlyForDeploymentPostprocessing = 0;
		};
/* End PBXFrameworksBuildPhase section */

/* Begin PBXGroup section */
		FCB7B3212B92A22200966339 = {
			isa = PBXGroup;
			children = (
				FCB7B32C2B92A22200966339 /* Mob */,
				FCB7B33D2B92A22300966339 /* MobTests */,
				FCB7B3472B92A22300966339 /* MobUITests */,
				FCB7B32B2B92A22200966339 /* Products */,
			);
			sourceTree = "<group>";
		};
		FCB7B32B2B92A22200966339 /* Products */ = {
			isa = PBXGroup;
			children = (
				FCB7B32A2B92A22200966339 /* Mob.app */,
				FCB7B33A2B92A22300966339 /* MobTests.xctest */,
				FCB7B3442B92A22300966339 /* MobUITests.xctest */,
			);
			name = Products;
			sourceTree = "<group>";
		};
		FCB7B32C2B92A22200966339 /* Mob */ = {
			isa = PBXGroup;
			children = (
				FCB7B32D2B92A22200966339 /* MobApp.swift */,
				FCB7B32F2B92A22200966339 /* ContentView.swift */,
				FCB7B3312B92A22300966339 /* Assets.xcassets */,
				FCB7B3332B92A22300966339 /* Preview Content */,
			);
			path = Mob;
			sourceTree = "<group>";
		};
		FCB7B3332B92A22300966339 /* Preview Content */ = {
			isa = PBXGroup;
			children = (
				FCB7B3342B92A22300966339 /* Preview Assets.xcassets */,
			);
			path = "Preview Content";
			sourceTree = "<group>";
		};
		FCB7B33D2B92A22300966339 /* MobTests */ = {
			isa = PBXGroup;
			children = (
				FCB7B33E2B92A22300966339 /* MobTests.swift */,
			);
			path = MobTests;
			sourceTree = "<group>";
		};
		FCB7B3472B92A22300966339 /* MobUITests */ = {
			isa = PBXGroup;
			children = (
				FCB7B3482B92A22300966339 /* MobUITests.swift */,
				FCB7B34A2B92A22300966339 /* MobUITestsLaunchTests.swift */,
			);
			path = MobUITests;
			sourceTree = "<group>";
		};
/* End PBXGroup section */

/* Begin PBXNativeTarget section */
		FCB7B3292B92A22200966339 /* Mob */ = {
			isa = PBXNativeTarget;
			buildConfigurationList = FCB7B34E2B92A22300966339 /* Build configuration list for PBXNativeTarget "Mob" */;
			buildPhases = (
				FCB7B3262B92A22200966339 /* Sources */,
				FCB7B3272B92A22200966339 /* Frameworks */,
				FCB7B3282B92A22200966339 /* Resources */,
			);
			buildRules = (
			);
			dependencies = (
			);
			name = Mob;
			productName = Mob;
			productReference = FCB7B32A2B92A22200966339 /* Mob.app */;
			productType = "com.apple.product-type.application";
		};
		FCB7B3392B92A22300966339 /* MobTests */ = {
			isa = PBXNativeTarget;
			buildConfigurationList = FCB7B3512B92A22300966339 /* Build configuration list for PBXNativeTarget "MobTests" */;
			buildPhases = (
				FCB7B3362B92A22300966339 /* Sources */,
				FCB7B3372B92A22300966339 /* Frameworks */,
				FCB7B3382B92A22300966339 /* Resources */,
			);
			buildRules = (
			);
			dependencies = (
				FCB7B33C2B92A22300966339 /* PBXTargetDependency */,
			);
			name = MobTests;
			productName = MobTests;
			productReference = FCB7B33A2B92A22300966339 /* MobTests.xctest */;
			productType = "com.apple.product-type.bundle.unit-test";
		};
		FCB7B3432B92A22300966339 /* MobUITests */ = {
			isa = PBXNativeTarget;
			buildConfigurationList = FCB7B3542B92A22300966339 /* Build configuration list for PBXNativeTarget "MobUITests" */;
			buildPhases = (
				FCB7B3402B92A22300966339 /* Sources */,
				FCB7B3412B92A22300966339 /* Frameworks */,
				FCB7B3422B92A22300966339 /* Resources */,
			);
			buildRules = (
			);
			dependencies = (
				FCB7B3462B92A22300966339 /* PBXTargetDependency */,
			);
			name = MobUITests;
			productName = MobUITests;
			productReference = FCB7B3442B92A22300966339 /* MobUITests.xctest */;
			productType = "com.apple.product-type.bundle.ui-testing";
		};
/* End PBXNativeTarget section */

/* Begin PBXProject section */
		FCB7B3222B92A22200966339 /* Project object */ = {
			isa = PBXProject;
			attributes = {
				BuildIndependentTargetsInParallel = 1;
				LastSwiftUpdateCheck = 1520;
				LastUpgradeCheck = 1520;
				TargetAttributes = {
					FCB7B3292B92A22200966339 = {
						CreatedOnToolsVersion = 15.2;
					};
					FCB7B3392B92A22300966339 = {
						CreatedOnToolsVersion = 15.2;
						TestTargetID = FCB7B3292B92A22200966339;
					};
					FCB7B3432B92A22300966339 = {
						CreatedOnToolsVersion = 15.2;
						TestTargetID = FCB7B3292B92A22200966339;
					};
				};
			};
			buildConfigurationList = FCB7B3252B92A22200966339 /* Build configuration list for PBXProject "Mob" */;
			compatibilityVersion = "Xcode 14.0";
			developmentRegion = en;
			hasScannedForEncodings = 0;
			knownRegions = (
				en,
				Base,
			);
			mainGroup = FCB7B3212B92A22200966339;
			productRefGroup = FCB7B32B2B92A22200966339 /* Products */;
			projectDirPath = "";
			projectRoot = "";
			targets = (
				FCB7B3292B92A22200966339 /* Mob */,
				FCB7B3392B92A22300966339 /* MobTests */,
				FCB7B3432B92A22300966339 /* MobUITests */,
			);
		};
/* End PBXProject section */

/* Begin PBXResourcesBuildPhase section */
		FCB7B3282B92A22200966339 /* Resources */ = {
			isa = PBXResourcesBuildPhase;
			buildActionMask = 2147483647;
			files = (
				FCB7B3352B92A22300966339 /* Preview Assets.xcassets in Resources */,
				FCB7B3322B92A22300966339 /* Assets.xcassets in Resources */,
			);
			runOnlyForDeploymentPostprocessing = 0;
		};
		FCB7B3382B92A22300966339 /* Resources */ = {
			isa = PBXResourcesBuildPhase;
			buildActionMask = 2147483647;
			files = (
			);
			runOnlyForDeploymentPostprocessing = 0;
		};
		FCB7B3422B92A22300966339 /* Resources */ = {
			isa = PBXResourcesBuildPhase;
			buildActionMask = 2147483647;
			files = (
			);
			runOnlyForDeploymentPostprocessing = 0;
		};
/* End PBXResourcesBuildPhase section */

/* Begin PBXSourcesBuildPhase section */
		FCB7B3262B92A22200966339 /* Sources */ = {
			isa = PBXSourcesBuildPhase;
			buildActionMask = 2147483647;
			files = (
				FCB7B3302B92A22200966339 /* ContentView.swift in Sources */,
				FCB7B32E2B92A22200966339 /* MobApp.swift in Sources */,
			);
			runOnlyForDeploymentPostprocessing = 0;
		};
		FCB7B3362B92A22300966339 /* Sources */ = {
			isa = PBXSourcesBuildPhase;
			buildActionMask = 2147483647;
			files = (
				FCB7B33F2B92A22300966339 /* MobTests.swift in Sources */,
			);
			runOnlyForDeploymentPostprocessing = 0;
		};
		FCB7B3402B92A22300966339 /* Sources */ = {
			isa = PBXSourcesBuildPhase;
			buildActionMask = 2147483647;
			files = (
				FCB7B3492B92A22300966339 /* MobUITests.swift in Sources */,
				FCB7B34B2B92A22300966339 /* MobUITestsLaunchTests.swift in Sources */,
			);
			runOnlyForDeploymentPostprocessing = 0;
		};
/* End PBXSourcesBuildPhase section */

/* Begin PBXTargetDependency section */
		FCB7B33C2B92A22300966339 /* PBXTargetDependency */ = {
			isa = PBXTargetDependency;
			target = FCB7B3292B92A22200966339 /* Mob */;
			targetProxy = FCB7B33B2B92A22300966339 /* PBXContainerItemProxy */;
		};
		FCB7B3462B92A22300966339 /* PBXTargetDependency */ = {
			isa = PBXTargetDependency;
			target = FCB7B3292B92A22200966339 /* Mob */;
			targetProxy = FCB7B3452B92A22300966339 /* PBXContainerItemProxy */;
		};
/* End PBXTargetDependency section */

/* Begin XCBuildConfiguration section */
		FCB7B34C2B92A22300966339 /* Debug */ = {
			isa = XCBuildConfiguration;
			buildSettings = {
				ALWAYS_SEARCH_USER_PATHS = NO;
				ASSETCATALOG_COMPILER_GENERATE_SWIFT_ASSET_SYMBOL_EXTENSIONS = YES;
				CLANG_ANALYZER_NONNULL = YES;
				CLANG_ANALYZER_NUMBER_OBJECT_CONVERSION = YES_AGGRESSIVE;
				CLANG_CXX_LANGUAGE_STANDARD = "gnu++20";
				CLANG_ENABLE_MODULES = YES;
				CLANG_ENABLE_OBJC_ARC = YES;
				CLANG_ENABLE_OBJC_WEAK = YES;
				CLANG_WARN_BLOCK_CAPTURE_AUTORELEASING = YES;
				CLANG_WARN_BOOL_CONVERSION = YES;
				CLANG_WARN_COMMA = YES;
				CLANG_WARN_CONSTANT_CONVERSION = YES;
				CLANG_WARN_DEPRECATED_OBJC_IMPLEMENTATIONS = YES;
				CLANG_WARN_DIRECT_OBJC_ISA_USAGE = YES_ERROR;
				CLANG_WARN_DOCUMENTATION_COMMENTS = YES;
				CLANG_WARN_EMPTY_BODY = YES;
				CLANG_WARN_ENUM_CONVERSION = YES;
				CLANG_WARN_INFINITE_RECURSION = YES;
				CLANG_WARN_INT_CONVERSION = YES;
				CLANG_WARN_NON_LITERAL_NULL_CONVERSION = YES;
				CLANG_WARN_OBJC_IMPLICIT_RETAIN_SELF = YES;
				CLANG_WARN_OBJC_LITERAL_CONVERSION = YES;
				CLANG_WARN_OBJC_ROOT_CLASS = YES_ERROR;
				CLANG_WARN_QUOTED_INCLUDE_IN_FRAMEWORK_HEADER = YES;
				CLANG_WARN_RANGE_LOOP_ANALYSIS = YES;
				CLANG_WARN_STRICT_PROTOTYPES = YES;
				CLANG_WARN_SUSPICIOUS_MOVE = YES;
				CLANG_WARN_UNGUARDED_AVAILABILITY = YES_AGGRESSIVE;
				CLANG_WARN_UNREACHABLE_CODE = YES;
				CLANG_WARN__DUPLICATE_METHOD_MATCH = YES;
				COPY_PHASE_STRIP = NO;
				DEBUG_INFORMATION_FORMAT = dwarf;
				ENABLE_STRICT_OBJC_MSGSEND = YES;
				ENABLE_TESTABILITY = YES;
				ENABLE_USER_SCRIPT_SANDBOXING = YES;
				GCC_C_LANGUAGE_STANDARD = gnu17;
				GCC_DYNAMIC_NO_PIC = NO;
				GCC_NO_COMMON_BLOCKS = YES;
				GCC_OPTIMIZATION_LEVEL = 0;
				GCC_PREPROCESSOR_DEFINITIONS = (
					"DEBUG=1",
					"$(inherited)",
				);
				GCC_WARN_64_TO_32_BIT_CONVERSION = YES;
				GCC_WARN_ABOUT_RETURN_TYPE = YES_ERROR;
				GCC_WARN_UNDECLARED_SELECTOR = YES;
				GCC_WARN_UNINITIALIZED_AUTOS = YES_AGGRESSIVE;
				GCC_WARN_UNUSED_FUNCTION = YES;
				GCC_WARN_UNUSED_VARIABLE = YES;
				IPHONEOS_DEPLOYMENT_TARGET = 17.2;
				LOCALIZATION_PREFERS_STRING_CATALOGS = YES;
				MTL_ENABLE_DEBUG_INFO = INCLUDE_SOURCE;
				MTL_FAST_MATH = YES;
				ONLY_ACTIVE_ARCH = YES;
				SDKROOT = iphoneos;
				SWIFT_ACTIVE_COMPILATION_CONDITIONS = "DEBUG $(inherited)";
				SWIFT_OPTIMIZATION_LEVEL = "-Onone";
			};
			name = Debug;
		};
		FCB7B34D2B92A22300966339 /* Release */ = {
			isa = XCBuildConfiguration;
			buildSettings = {
				ALWAYS_SEARCH_USER_PATHS = NO;
				ASSETCATALOG_COMPILER_GENERATE_SWIFT_ASSET_SYMBOL_EXTENSIONS = YES;
				CLANG_ANALYZER_NONNULL = YES;
				CLANG_ANALYZER_NUMBER_OBJECT_CONVERSION = YES_AGGRESSIVE;
				CLANG_CXX_LANGUAGE_STANDARD = "gnu++20";
				CLANG_ENABLE_MODULES = YES;
				CLANG_ENABLE_OBJC_ARC = YES;
				CLANG_ENABLE_OBJC_WEAK = YES;
				CLANG_WARN_BLOCK_CAPTURE_AUTORELEASING = YES;
				CLANG_WARN_BOOL_CONVERSION = YES;
				CLANG_WARN_COMMA = YES;
				CLANG_WARN_CONSTANT_CONVERSION = YES;
				CLANG_WARN_DEPRECATED_OBJC_IMPLEMENTATIONS = YES;
				CLANG_WARN_DIRECT_OBJC_ISA_USAGE = YES_ERROR;
				CLANG_WARN_DOCUMENTATION_COMMENTS = YES;
				CLANG_WARN_EMPTY_BODY = YES;
				CLANG_WARN_ENUM_CONVERSION = YES;
				CLANG_WARN_INFINITE_RECURSION = YES;
				CLANG_WARN_INT_CONVERSION = YES;
				CLANG_WARN_NON_LITERAL_NULL_CONVERSION = YES;
				CLANG_WARN_OBJC_IMPLICIT_RETAIN_SELF = YES;
				CLANG_WARN_OBJC_LITERAL_CONVERSION = YES;
				CLANG_WARN_OBJC_ROOT_CLASS = YES_ERROR;
				CLANG_WARN_QUOTED_INCLUDE_IN_FRAMEWORK_HEADER = YES;
				CLANG_WARN_RANGE_LOOP_ANALYSIS = YES;
				CLANG_WARN_STRICT_PROTOTYPES = YES;
				CLANG_WARN_SUSPICIOUS_MOVE = YES;
				CLANG_WARN_UNGUARDED_AVAILABILITY = YES_AGGRESSIVE;
				CLANG_WARN_UNREACHABLE_CODE = YES;
				CLANG_WARN__DUPLICATE_METHOD_MATCH = YES;
				COPY_PHASE_STRIP = NO;
				DEBUG_INFORMATION_FORMAT = "dwarf-with-dsym";
				ENABLE_NS_ASSERTIONS = NO;
				ENABLE_STRICT_OBJC_MSGSEND = YES;
				ENABLE_USER_SCRIPT_SANDBOXING = YES;
				GCC_C_LANGUAGE_STANDARD = gnu17;
				GCC_NO_COMMON_BLOCKS = YES;
				GCC_WARN_64_TO_32_BIT_CONVERSION = YES;
				GCC_WARN_ABOUT_RETURN_TYPE = YES_ERROR;
				GCC_WARN_UNDECLARED_SELECTOR = YES;
				GCC_WARN_UNINITIALIZED_AUTOS = YES_AGGRESSIVE;
				GCC_WARN_UNUSED_FUNCTION = YES;
				GCC_WARN_UNUSED_VARIABLE = YES;
				IPHONEOS_DEPLOYMENT_TARGET = 17.2;
				LOCALIZATION_PREFERS_STRING_CATALOGS = YES;
				MTL_ENABLE_DEBUG_INFO = NO;
				MTL_FAST_MATH = YES;
				SDKROOT = iphoneos;
				SWIFT_COMPILATION_MODE = wholemodule;
				VALIDATE_PRODUCT = YES;
			};
			name = Release;
		};
		FCB7B34F2B92A22300966339 /* Debug */ = {
			isa = XCBuildConfiguration;
			buildSettings = {
				ASSETCATALOG_COMPILER_APPICON_NAME = AppIcon;
				ASSETCATALOG_COMPILER_GLOBAL_ACCENT_COLOR_NAME = AccentColor;
				CODE_SIGN_STYLE = Automatic;
				CURRENT_PROJECT_VERSION = 1;
				DEVELOPMENT_ASSET_PATHS = "\"Mob/Preview Content\"";
				ENABLE_PREVIEWS = YES;
				GENERATE_INFOPLIST_FILE = YES;
				INFOPLIST_KEY_UIApplicationSceneManifest_Generation = YES;
				INFOPLIST_KEY_UIApplicationSupportsIndirectInputEvents = YES;
				INFOPLIST_KEY_UILaunchScreen_Generation = YES;
				INFOPLIST_KEY_UISupportedInterfaceOrientations_iPad = "UIInterfaceOrientationPortrait UIInterfaceOrientationPortraitUpsideDown UIInterfaceOrientationLandscapeLeft UIInterfaceOrientationLandscapeRight";
				INFOPLIST_KEY_UISupportedInterfaceOrientations_iPhone = "UIInterfaceOrientationPortrait UIInterfaceOrientationLandscapeLeft UIInterfaceOrientationLandscapeRight";
				LD_RUNPATH_SEARCH_PATHS = (
					"$(inherited)",
					"@executable_path/Frameworks",
				);
				MARKETING_VERSION = 1.0;
				PRODUCT_BUNDLE_IDENTIFIER = Alex.Mob;
				PRODUCT_NAME = "$(TARGET_NAME)";
				SWIFT_EMIT_LOC_STRINGS = YES;
				SWIFT_VERSION = 5.0;
				TARGETED_DEVICE_FAMILY = "1,2";
			};
			name = Debug;
		};
		FCB7B3502B92A22300966339 /* Release */ = {
			isa = XCBuildConfiguration;
			buildSettings = {
				ASSETCATALOG_COMPILER_APPICON_NAME = AppIcon;
				ASSETCATALOG_COMPILER_GLOBAL_ACCENT_COLOR_NAME = AccentColor;
				CODE_SIGN_STYLE = Automatic;
				CURRENT_PROJECT_VERSION = 1;
				DEVELOPMENT_ASSET_PATHS = "\"Mob/Preview Content\"";
				ENABLE_PREVIEWS = YES;
				GENERATE_INFOPLIST_FILE = YES;
				INFOPLIST_KEY_UIApplicationSceneManifest_Generation = YES;
				INFOPLIST_KEY_UIApplicationSupportsIndirectInputEvents = YES;
				INFOPLIST_KEY_UILaunchScreen_Generation = YES;
				INFOPLIST_KEY_UISupportedInterfaceOrientations_iPad = "UIInterfaceOrientationPortrait UIInterfaceOrientationPortraitUpsideDown UIInterfaceOrientationLandscapeLeft UIInterfaceOrientationLandscapeRight";
				INFOPLIST_KEY_UISupportedInterfaceOrientations_iPhone = "UIInterfaceOrientationPortrait UIInterfaceOrientationLandscapeLeft UIInterfaceOrientationLandscapeRight";
				LD_RUNPATH_SEARCH_PATHS = (
					"$(inherited)",
					"@executable_path/Frameworks",
				);
				MARKETING_VERSION = 1.0;
				PRODUCT_BUNDLE_IDENTIFIER = Alex.Mob;
				PRODUCT_NAME = "$(TARGET_NAME)";
				SWIFT_EMIT_LOC_STRINGS = YES;
				SWIFT_VERSION = 5.0;
				TARGETED_DEVICE_FAMILY = "1,2";
			};
			name = Release;
		};
		FCB7B3522B92A22300966339 /* Debug */ = {
			isa = XCBuildConfiguration;
			buildSettings = {
				ALWAYS_EMBED_SWIFT_STANDARD_LIBRARIES = YES;
				BUNDLE_LOADER = "$(TEST_HOST)";
				CODE_SIGN_STYLE = Automatic;
				CURRENT_PROJECT_VERSION = 1;
				GENERATE_INFOPLIST_FILE = YES;
				IPHONEOS_DEPLOYMENT_TARGET = 17.2;
				MARKETING_VERSION = 1.0;
				PRODUCT_BUNDLE_IDENTIFIER = Alex.MobTests;
				PRODUCT_NAME = "$(TARGET_NAME)";
				SWIFT_EMIT_LOC_STRINGS = NO;
				SWIFT_VERSION = 5.0;
				TARGETED_DEVICE_FAMILY = "1,2";
				TEST_HOST = "$(BUILT_PRODUCTS_DIR)/Mob.app/$(BUNDLE_EXECUTABLE_FOLDER_PATH)/Mob";
			};
			name = Debug;
		};
		FCB7B3532B92A22300966339 /* Release */ = {
			isa = XCBuildConfiguration;
			buildSettings = {
				ALWAYS_EMBED_SWIFT_STANDARD_LIBRARIES = YES;
				BUNDLE_LOADER = "$(TEST_HOST)";
				CODE_SIGN_STYLE = Automatic;
				CURRENT_PROJECT_VERSION = 1;
				GENERATE_INFOPLIST_FILE = YES;
				IPHONEOS_DEPLOYMENT_TARGET = 17.2;
				MARKETING_VERSION = 1.0;
				PRODUCT_BUNDLE_IDENTIFIER = Alex.MobTests;
				PRODUCT_NAME = "$(TARGET_NAME)";
				SWIFT_EMIT_LOC_STRINGS = NO;
				SWIFT_VERSION = 5.0;
				TARGETED_DEVICE_FAMILY = "1,2";
				TEST_HOST = "$(BUILT_PRODUCTS_DIR)/Mob.app/$(BUNDLE_EXECUTABLE_FOLDER_PATH)/Mob";
			};
			name = Release;
		};
		FCB7B3552B92A22300966339 /* Debug */ = {
			isa = XCBuildConfiguration;
			buildSettings = {
				ALWAYS_EMBED_SWIFT_STANDARD_LIBRARIES = YES;
				CODE_SIGN_STYLE = Automatic;
				CURRENT_PROJECT_VERSION = 1;
				GENERATE_INFOPLIST_FILE = YES;
				MARKETING_VERSION = 1.0;
				PRODUCT_BUNDLE_IDENTIFIER = Alex.MobUITests;
				PRODUCT_NAME = "$(TARGET_NAME)";
				SWIFT_EMIT_LOC_STRINGS = NO;
				SWIFT_VERSION = 5.0;
				TARGETED_DEVICE_FAMILY = "1,2";
				TEST_TARGET_NAME = Mob;
			};
			name = Debug;
		};
		FCB7B3562B92A22300966339 /* Release */ = {
			isa = XCBuildConfiguration;
			buildSettings = {
				ALWAYS_EMBED_SWIFT_STANDARD_LIBRARIES = YES;
				CODE_SIGN_STYLE = Automatic;
				CURRENT_PROJECT_VERSION = 1;
				GENERATE_INFOPLIST_FILE = YES;
				MARKETING_VERSION = 1.0;
				PRODUCT_BUNDLE_IDENTIFIER = Alex.MobUITests;
				PRODUCT_NAME = "$(TARGET_NAME)";
				SWIFT_EMIT_LOC_STRINGS = NO;
				SWIFT_VERSION = 5.0;
				TARGETED_DEVICE_FAMILY = "1,2";
				TEST_TARGET_NAME = Mob;
			};
			name = Release;
		};
/* End XCBuildConfiguration section */

/* Begin XCConfigurationList section */
		FCB7B3252B92A22200966339 /* Build configuration list for PBXProject "Mob" */ = {
			isa = XCConfigurationList;
			buildConfigurations = (
				FCB7B34C2B92A22300966339 /* Debug */,
				FCB7B34D2B92A22300966339 /* Release */,
			);
			defaultConfigurationIsVisible = 0;
			defaultConfigurationName = Release;
		};
		FCB7B34E2B92A22300966339 /* Build configuration list for PBXNativeTarget "Mob" */ = {
			isa = XCConfigurationList;
			buildConfigurations = (
				FCB7B34F2B92A22300966339 /* Debug */,
				FCB7B3502B92A22300966339 /* Release */,
			);
			defaultConfigurationIsVisible = 0;
			defaultConfigurationName = Release;
		};
		FCB7B3512B92A22300966339 /* Build configuration list for PBXNativeTarget "MobTests" */ = {
			isa = XCConfigurationList;
			buildConfigurations = (
				FCB7B3522B92A22300966339 /* Debug */,
				FCB7B3532B92A22300966339 /* Release */,
			);
			defaultConfigurationIsVisible = 0;
			defaultConfigurationName = Release;
		};
		FCB7B3542B92A22300966339 /* Build configuration list for PBXNativeTarget "MobUITests" */ = {
			isa = XCConfigurationList;
			buildConfigurations = (
				FCB7B3552B92A22300966339 /* Debug */,
				FCB7B3562B92A22300966339 /* Release */,
			);
			defaultConfigurationIsVisible = 0;
			defaultConfigurationName = Release;
		};
/* End XCConfigurationList section */
	};
	rootObject = FCB7B3222B92A22200966339 /* Project object */;
}
